// !$*UTF8*$!
{
	archiveVersion = 1;
	classes = {
	};
	objectVersion = 77;
	objects = {

/* Begin PBXContainerItemProxy section */
		2DB8240B2E32447000100E1C /* PBXContainerItemProxy */ = {
			isa = PBXContainerItemProxy;
			containerPortal = 2DB823F42E32446F00100E1C /* Project object */;
			proxyType = 1;
			remoteGlobalIDString = 2DB823FB2E32446F00100E1C;
			remoteInfo = RecRadiko2;
		};
		2DB824152E32447000100E1C /* PBXContainerItemProxy */ = {
			isa = PBXContainerItemProxy;
			containerPortal = 2DB823F42E32446F00100E1C /* Project object */;
			proxyType = 1;
			remoteGlobalIDString = 2DB823FB2E32446F00100E1C;
			remoteInfo = RecRadiko2;
		};
/* End PBXContainerItemProxy section */

/* Begin PBXFileReference section */
		2DB823FC2E32446F00100E1C /* RecRadiko2.app */ = {isa = PBXFileReference; explicitFileType = wrapper.application; includeInIndex = 0; path = RecRadiko2.app; sourceTree = BUILT_PRODUCTS_DIR; };
		2DB8240A2E32447000100E1C /* RecRadiko2Tests.xctest */ = {isa = PBXFileReference; explicitFileType = wrapper.cfbundle; includeInIndex = 0; path = RecRadiko2Tests.xctest; sourceTree = BUILT_PRODUCTS_DIR; };
		2DB824142E32447000100E1C /* RecRadiko2UITests.xctest */ = {isa = PBXFileReference; explicitFileType = wrapper.cfbundle; includeInIndex = 0; path = RecRadiko2UITests.xctest; sourceTree = BUILT_PRODUCTS_DIR; };
/* End PBXFileReference section */

/* Begin PBXFileSystemSynchronizedRootGroup section */
		2DB823FE2E32446F00100E1C /* RecRadiko2 */ = {
			isa = PBXFileSystemSynchronizedRootGroup;
			path = RecRadiko2;
			sourceTree = "<group>";
		};
		2DB8240D2E32447000100E1C /* RecRadiko2Tests */ = {
			isa = PBXFileSystemSynchronizedRootGroup;
			path = RecRadiko2Tests;
			sourceTree = "<group>";
		};
		2DB824172E32447000100E1C /* RecRadiko2UITests */ = {
			isa = PBXFileSystemSynchronizedRootGroup;
			path = RecRadiko2UITests;
			sourceTree = "<group>";
		};
/* End PBXFileSystemSynchronizedRootGroup section */

/* Begin PBXFrameworksBuildPhase section */
		2DB823F92E32446F00100E1C /* Frameworks */ = {
			isa = PBXFrameworksBuildPhase;
			buildActionMask = 2147483647;
			files = (
			);
			runOnlyForDeploymentPostprocessing = 0;
		};
		2DB824072E32447000100E1C /* Frameworks */ = {
			isa = PBXFrameworksBuildPhase;
			buildActionMask = 2147483647;
			files = (
			);
			runOnlyForDeploymentPostprocessing = 0;
		};
		2DB824112E32447000100E1C /* Frameworks */ = {
			isa = PBXFrameworksBuildPhase;
			buildActionMask = 2147483647;
			files = (
			);
			runOnlyForDeploymentPostprocessing = 0;
		};
/* End PBXFrameworksBuildPhase section */

/* Begin PBXGroup section */
		2DB823F32E32446F00100E1C = {
			isa = PBXGroup;
			children = (
				2DB823FE2E32446F00100E1C /* RecRadiko2 */,
				2DB8240D2E32447000100E1C /* RecRadiko2Tests */,
				2DB824172E32447000100E1C /* RecRadiko2UITests */,
				2DB823FD2E32446F00100E1C /* Products */,
			);
			sourceTree = "<group>";
		};
		2DB823FD2E32446F00100E1C /* Products */ = {
			isa = PBXGroup;
			children = (
				2DB823FC2E32446F00100E1C /* RecRadiko2.app */,
				2DB8240A2E32447000100E1C /* RecRadiko2Tests.xctest */,
				2DB824142E32447000100E1C /* RecRadiko2UITests.xctest */,
			);
			name = Products;
			sourceTree = "<group>";
		};
/* End PBXGroup section */

/* Begin PBXNativeTarget section */
		2DB823FB2E32446F00100E1C /* RecRadiko2 */ = {
			isa = PBXNativeTarget;
			buildConfigurationList = 2DB8241E2E32447000100E1C /* Build configuration list for PBXNativeTarget "RecRadiko2" */;
			buildPhases = (
				2DB823F82E32446F00100E1C /* Sources */,
				2DB823F92E32446F00100E1C /* Frameworks */,
				2DB823FA2E32446F00100E1C /* Resources */,
			);
			buildRules = (
			);
			dependencies = (
			);
			fileSystemSynchronizedGroups = (
				2DB823FE2E32446F00100E1C /* RecRadiko2 */,
			);
			name = RecRadiko2;
			packageProductDependencies = (
			);
			productName = RecRadiko2;
			productReference = 2DB823FC2E32446F00100E1C /* RecRadiko2.app */;
			productType = "com.apple.product-type.application";
		};
		2DB824092E32447000100E1C /* RecRadiko2Tests */ = {
			isa = PBXNativeTarget;
			buildConfigurationList = 2DB824212E32447000100E1C /* Build configuration list for PBXNativeTarget "RecRadiko2Tests" */;
			buildPhases = (
				2DB824062E32447000100E1C /* Sources */,
				2DB824072E32447000100E1C /* Frameworks */,
				2DB824082E32447000100E1C /* Resources */,
			);
			buildRules = (
			);
			dependencies = (
				2DB8240C2E32447000100E1C /* PBXTargetDependency */,
			);
			fileSystemSynchronizedGroups = (
				2DB8240D2E32447000100E1C /* RecRadiko2Tests */,
			);
			name = RecRadiko2Tests;
			packageProductDependencies = (
			);
			productName = RecRadiko2Tests;
			productReference = 2DB8240A2E32447000100E1C /* RecRadiko2Tests.xctest */;
			productType = "com.apple.product-type.bundle.unit-test";
		};
		2DB824132E32447000100E1C /* RecRadiko2UITests */ = {
			isa = PBXNativeTarget;
			buildConfigurationList = 2DB824242E32447000100E1C /* Build configuration list for PBXNativeTarget "RecRadiko2UITests" */;
			buildPhases = (
				2DB824102E32447000100E1C /* Sources */,
				2DB824112E32447000100E1C /* Frameworks */,
				2DB824122E32447000100E1C /* Resources */,
			);
			buildRules = (
			);
			dependencies = (
				2DB824162E32447000100E1C /* PBXTargetDependency */,
			);
			fileSystemSynchronizedGroups = (
				2DB824172E32447000100E1C /* RecRadiko2UITests */,
			);
			name = RecRadiko2UITests;
			packageProductDependencies = (
			);
			productName = RecRadiko2UITests;
			productReference = 2DB824142E32447000100E1C /* RecRadiko2UITests.xctest */;
			productType = "com.apple.product-type.bundle.ui-testing";
		};
/* End PBXNativeTarget section */

/* Begin PBXProject section */
		2DB823F42E32446F00100E1C /* Project object */ = {
			isa = PBXProject;
			attributes = {
				BuildIndependentTargetsInParallel = 1;
				LastSwiftUpdateCheck = 1640;
				LastUpgradeCheck = 1640;
				TargetAttributes = {
					2DB823FB2E32446F00100E1C = {
						CreatedOnToolsVersion = 16.4;
					};
					2DB824092E32447000100E1C = {
						CreatedOnToolsVersion = 16.4;
						TestTargetID = 2DB823FB2E32446F00100E1C;
					};
					2DB824132E32447000100E1C = {
						CreatedOnToolsVersion = 16.4;
						TestTargetID = 2DB823FB2E32446F00100E1C;
					};
				};
			};
			buildConfigurationList = 2DB823F72E32446F00100E1C /* Build configuration list for PBXProject "RecRadiko2" */;
			developmentRegion = en;
			hasScannedForEncodings = 0;
			knownRegions = (
				en,
				Base,
			);
			mainGroup = 2DB823F32E32446F00100E1C;
			minimizedProjectReferenceProxies = 1;
			preferredProjectObjectVersion = 77;
			productRefGroup = 2DB823FD2E32446F00100E1C /* Products */;
			projectDirPath = "";
			projectRoot = "";
			targets = (
				2DB823FB2E32446F00100E1C /* RecRadiko2 */,
				2DB824092E32447000100E1C /* RecRadiko2Tests */,
				2DB824132E32447000100E1C /* RecRadiko2UITests */,
			);
		};
/* End PBXProject section */

/* Begin PBXResourcesBuildPhase section */
		2DB823FA2E32446F00100E1C /* Resources */ = {
			isa = PBXResourcesBuildPhase;
			buildActionMask = 2147483647;
			files = (
			);
			runOnlyForDeploymentPostprocessing = 0;
		};
		2DB824082E32447000100E1C /* Resources */ = {
			isa = PBXResourcesBuildPhase;
			buildActionMask = 2147483647;
			files = (
			);
			runOnlyForDeploymentPostprocessing = 0;
		};
		2DB824122E32447000100E1C /* Resources */ = {
			isa = PBXResourcesBuildPhase;
			buildActionMask = 2147483647;
			files = (
			);
			runOnlyForDeploymentPostprocessing = 0;
		};
/* End PBXResourcesBuildPhase section */

/* Begin PBXSourcesBuildPhase section */
		2DB823F82E32446F00100E1C /* Sources */ = {
			isa = PBXSourcesBuildPhase;
			buildActionMask = 2147483647;
			files = (
			);
			runOnlyForDeploymentPostprocessing = 0;
		};
		2DB824062E32447000100E1C /* Sources */ = {
			isa = PBXSourcesBuildPhase;
			buildActionMask = 2147483647;
			files = (
			);
			runOnlyForDeploymentPostprocessing = 0;
		};
		2DB824102E32447000100E1C /* Sources */ = {
			isa = PBXSourcesBuildPhase;
			buildActionMask = 2147483647;
			files = (
			);
			runOnlyForDeploymentPostprocessing = 0;
		};
/* End PBXSourcesBuildPhase section */

/* Begin PBXTargetDependency section */
		2DB8240C2E32447000100E1C /* PBXTargetDependency */ = {
			isa = PBXTargetDependency;
			target = 2DB823FB2E32446F00100E1C /* RecRadiko2 */;
			targetProxy = 2DB8240B2E32447000100E1C /* PBXContainerItemProxy */;
		};
		2DB824162E32447000100E1C /* PBXTargetDependency */ = {
			isa = PBXTargetDependency;
			target = 2DB823FB2E32446F00100E1C /* RecRadiko2 */;
			targetProxy = 2DB824152E32447000100E1C /* PBXContainerItemProxy */;
		};
/* End PBXTargetDependency section */

/* Begin XCBuildConfiguration section */
		2DB8241C2E32447000100E1C /* Debug */ = {
			isa = XCBuildConfiguration;
			buildSettings = {
				ALWAYS_SEARCH_USER_PATHS = NO;
				ASSETCATALOG_COMPILER_GENERATE_SWIFT_ASSET_SYMBOL_EXTENSIONS = YES;
				CLANG_ANALYZER_NONNULL = YES;
				CLANG_ANALYZER_NUMBER_OBJECT_CONVERSION = YES_AGGRESSIVE;
				CLANG_CXX_LANGUAGE_STANDARD = "gnu++20";
				CLANG_ENABLE_MODULES = YES;
				CLANG_ENABLE_OBJC_ARC = YES;
				CLANG_ENABLE_OBJC_WEAK = YES;
				CLANG_WARN_BLOCK_CAPTURE_AUTORELEASING = YES;
				CLANG_WARN_BOOL_CONVERSION = YES;
				CLANG_WARN_COMMA = YES;
				CLANG_WARN_CONSTANT_CONVERSION = YES;
				CLANG_WARN_DEPRECATED_OBJC_IMPLEMENTATIONS = YES;
				CLANG_WARN_DIRECT_OBJC_ISA_USAGE = YES_ERROR;
				CLANG_WARN_DOCUMENTATION_COMMENTS = YES;
				CLANG_WARN_EMPTY_BODY = YES;
				CLANG_WARN_ENUM_CONVERSION = YES;
				CLANG_WARN_INFINITE_RECURSION = YES;
				CLANG_WARN_INT_CONVERSION = YES;
				CLANG_WARN_NON_LITERAL_NULL_CONVERSION = YES;
				CLANG_WARN_OBJC_IMPLICIT_RETAIN_SELF = YES;
				CLANG_WARN_OBJC_LITERAL_CONVERSION = YES;
				CLANG_WARN_OBJC_ROOT_CLASS = YES_ERROR;
				CLANG_WARN_QUOTED_INCLUDE_IN_FRAMEWORK_HEADER = YES;
				CLANG_WARN_RANGE_LOOP_ANALYSIS = YES;
				CLANG_WARN_STRICT_PROTOTYPES = YES;
				CLANG_WARN_SUSPICIOUS_MOVE = YES;
				CLANG_WARN_UNGUARDED_AVAILABILITY = YES_AGGRESSIVE;
				CLANG_WARN_UNREACHABLE_CODE = YES;
				CLANG_WARN__DUPLICATE_METHOD_MATCH = YES;
				COPY_PHASE_STRIP = NO;
				DEBUG_INFORMATION_FORMAT = dwarf;
				DEVELOPMENT_TEAM = LT37BHQT62;
				ENABLE_STRICT_OBJC_MSGSEND = YES;
				ENABLE_TESTABILITY = YES;
				ENABLE_USER_SCRIPT_SANDBOXING = YES;
				GCC_C_LANGUAGE_STANDARD = gnu17;
				GCC_DYNAMIC_NO_PIC = NO;
				GCC_NO_COMMON_BLOCKS = YES;
				GCC_OPTIMIZATION_LEVEL = 0;
				GCC_PREPROCESSOR_DEFINITIONS = (
					"DEBUG=1",
					"$(inherited)",
				);
				GCC_WARN_64_TO_32_BIT_CONVERSION = YES;
				GCC_WARN_ABOUT_RETURN_TYPE = YES_ERROR;
				GCC_WARN_UNDECLARED_SELECTOR = YES;
				GCC_WARN_UNINITIALIZED_AUTOS = YES_AGGRESSIVE;
				GCC_WARN_UNUSED_FUNCTION = YES;
				GCC_WARN_UNUSED_VARIABLE = YES;
				LOCALIZATION_PREFERS_STRING_CATALOGS = YES;
				MACOSX_DEPLOYMENT_TARGET = 15.5;
				MTL_ENABLE_DEBUG_INFO = INCLUDE_SOURCE;
				MTL_FAST_MATH = YES;
				ONLY_ACTIVE_ARCH = YES;
				SDKROOT = macosx;
				SWIFT_ACTIVE_COMPILATION_CONDITIONS = "DEBUG $(inherited)";
				SWIFT_OPTIMIZATION_LEVEL = "-Onone";
			};
			name = Debug;
		};
		2DB8241D2E32447000100E1C /* Release */ = {
			isa = XCBuildConfiguration;
			buildSettings = {
				ALWAYS_SEARCH_USER_PATHS = NO;
				ASSETCATALOG_COMPILER_GENERATE_SWIFT_ASSET_SYMBOL_EXTENSIONS = YES;
				CLANG_ANALYZER_NONNULL = YES;
				CLANG_ANALYZER_NUMBER_OBJECT_CONVERSION = YES_AGGRESSIVE;
				CLANG_CXX_LANGUAGE_STANDARD = "gnu++20";
				CLANG_ENABLE_MODULES = YES;
				CLANG_ENABLE_OBJC_ARC = YES;
				CLANG_ENABLE_OBJC_WEAK = YES;
				CLANG_WARN_BLOCK_CAPTURE_AUTORELEASING = YES;
				CLANG_WARN_BOOL_CONVERSION = YES;
				CLANG_WARN_COMMA = YES;
				CLANG_WARN_CONSTANT_CONVERSION = YES;
				CLANG_WARN_DEPRECATED_OBJC_IMPLEMENTATIONS = YES;
				CLANG_WARN_DIRECT_OBJC_ISA_USAGE = YES_ERROR;
				CLANG_WARN_DOCUMENTATION_COMMENTS = YES;
				CLANG_WARN_EMPTY_BODY = YES;
				CLANG_WARN_ENUM_CONVERSION = YES;
				CLANG_WARN_INFINITE_RECURSION = YES;
				CLANG_WARN_INT_CONVERSION = YES;
				CLANG_WARN_NON_LITERAL_NULL_CONVERSION = YES;
				CLANG_WARN_OBJC_IMPLICIT_RETAIN_SELF = YES;
				CLANG_WARN_OBJC_LITERAL_CONVERSION = YES;
				CLANG_WARN_OBJC_ROOT_CLASS = YES_ERROR;
				CLANG_WARN_QUOTED_INCLUDE_IN_FRAMEWORK_HEADER = YES;
				CLANG_WARN_RANGE_LOOP_ANALYSIS = YES;
				CLANG_WARN_STRICT_PROTOTYPES = YES;
				CLANG_WARN_SUSPICIOUS_MOVE = YES;
				CLANG_WARN_UNGUARDED_AVAILABILITY = YES_AGGRESSIVE;
				CLANG_WARN_UNREACHABLE_CODE = YES;
				CLANG_WARN__DUPLICATE_METHOD_MATCH = YES;
				COPY_PHASE_STRIP = NO;
				DEBUG_INFORMATION_FORMAT = "dwarf-with-dsym";
				DEVELOPMENT_TEAM = LT37BHQT62;
				ENABLE_NS_ASSERTIONS = NO;
				ENABLE_STRICT_OBJC_MSGSEND = YES;
				ENABLE_USER_SCRIPT_SANDBOXING = YES;
				GCC_C_LANGUAGE_STANDARD = gnu17;
				GCC_NO_COMMON_BLOCKS = YES;
				GCC_WARN_64_TO_32_BIT_CONVERSION = YES;
				GCC_WARN_ABOUT_RETURN_TYPE = YES_ERROR;
				GCC_WARN_UNDECLARED_SELECTOR = YES;
				GCC_WARN_UNINITIALIZED_AUTOS = YES_AGGRESSIVE;
				GCC_WARN_UNUSED_FUNCTION = YES;
				GCC_WARN_UNUSED_VARIABLE = YES;
				LOCALIZATION_PREFERS_STRING_CATALOGS = YES;
				MACOSX_DEPLOYMENT_TARGET = 15.5;
				MTL_ENABLE_DEBUG_INFO = NO;
				MTL_FAST_MATH = YES;
				SDKROOT = macosx;
				SWIFT_COMPILATION_MODE = wholemodule;
			};
			name = Release;
		};
		2DB8241F2E32447000100E1C /* Debug */ = {
			isa = XCBuildConfiguration;
			buildSettings = {
				ASSETCATALOG_COMPILER_APPICON_NAME = AppIcon;
				ASSETCATALOG_COMPILER_GLOBAL_ACCENT_COLOR_NAME = AccentColor;
				CODE_SIGN_ENTITLEMENTS = RecRadiko2/RecRadiko2.entitlements;
				CODE_SIGN_STYLE = Automatic;
				COMBINE_HIDPI_IMAGES = YES;
				CURRENT_PROJECT_VERSION = 1;
				DEVELOPMENT_TEAM = LT37BHQT62;
				ENABLE_HARDENED_RUNTIME = YES;
				ENABLE_PREVIEWS = YES;
				GENERATE_INFOPLIST_FILE = YES;
				INFOPLIST_KEY_NSHumanReadableCopyright = "";
				LD_RUNPATH_SEARCH_PATHS = (
					"$(inherited)",
					"@executable_path/../Frameworks",
				);
				MARKETING_VERSION = 1.0;
				PRODUCT_BUNDLE_IDENTIFIER = com.futo4.app.RecRadiko2;
				PRODUCT_NAME = "$(TARGET_NAME)";
				REGISTER_APP_GROUPS = YES;
				SWIFT_EMIT_LOC_STRINGS = YES;
				SWIFT_VERSION = 5.0;
			};
			name = Debug;
		};
		2DB824202E32447000100E1C /* Release */ = {
			isa = XCBuildConfiguration;
			buildSettings = {
				ASSETCATALOG_COMPILER_APPICON_NAME = AppIcon;
				ASSETCATALOG_COMPILER_GLOBAL_ACCENT_COLOR_NAME = AccentColor;
				CODE_SIGN_ENTITLEMENTS = RecRadiko2/RecRadiko2.entitlements;
				CODE_SIGN_STYLE = Automatic;
				COMBINE_HIDPI_IMAGES = YES;
				CURRENT_PROJECT_VERSION = 1;
				DEVELOPMENT_TEAM = LT37BHQT62;
				ENABLE_HARDENED_RUNTIME = YES;
				ENABLE_PREVIEWS = YES;
				GENERATE_INFOPLIST_FILE = YES;
				INFOPLIST_KEY_NSHumanReadableCopyright = "";
				LD_RUNPATH_SEARCH_PATHS = (
					"$(inherited)",
					"@executable_path/../Frameworks",
				);
				MARKETING_VERSION = 1.0;
				PRODUCT_BUNDLE_IDENTIFIER = com.futo4.app.RecRadiko2;
				PRODUCT_NAME = "$(TARGET_NAME)";
				REGISTER_APP_GROUPS = YES;
				SWIFT_EMIT_LOC_STRINGS = YES;
				SWIFT_VERSION = 5.0;
			};
			name = Release;
		};
		2DB824222E32447000100E1C /* Debug */ = {
			isa = XCBuildConfiguration;
			buildSettings = {
				BUNDLE_LOADER = "$(TEST_HOST)";
				CODE_SIGN_STYLE = Automatic;
				CURRENT_PROJECT_VERSION = 1;
				DEVELOPMENT_TEAM = LT37BHQT62;
				GENERATE_INFOPLIST_FILE = YES;
				MACOSX_DEPLOYMENT_TARGET = 15.5;
				MARKETING_VERSION = 1.0;
				PRODUCT_BUNDLE_IDENTIFIER = com.futo4.app.RecRadiko2Tests;
				PRODUCT_NAME = "$(TARGET_NAME)";
				SWIFT_EMIT_LOC_STRINGS = NO;
				SWIFT_VERSION = 5.0;
				TEST_HOST = "$(BUILT_PRODUCTS_DIR)/RecRadiko2.app/$(BUNDLE_EXECUTABLE_FOLDER_PATH)/RecRadiko2";
			};
			name = Debug;
		};
		2DB824232E32447000100E1C /* Release */ = {
			isa = XCBuildConfiguration;
			buildSettings = {
				BUNDLE_LOADER = "$(TEST_HOST)";
				CODE_SIGN_STYLE = Automatic;
				CURRENT_PROJECT_VERSION = 1;
				DEVELOPMENT_TEAM = LT37BHQT62;
				GENERATE_INFOPLIST_FILE = YES;
				MACOSX_DEPLOYMENT_TARGET = 15.5;
				MARKETING_VERSION = 1.0;
				PRODUCT_BUNDLE_IDENTIFIER = com.futo4.app.RecRadiko2Tests;
				PRODUCT_NAME = "$(TARGET_NAME)";
				SWIFT_EMIT_LOC_STRINGS = NO;
				SWIFT_VERSION = 5.0;
				TEST_HOST = "$(BUILT_PRODUCTS_DIR)/RecRadiko2.app/$(BUNDLE_EXECUTABLE_FOLDER_PATH)/RecRadiko2";
			};
			name = Release;
		};
		2DB824252E32447000100E1C /* Debug */ = {
			isa = XCBuildConfiguration;
			buildSettings = {
				"CODE_SIGN_IDENTITY[sdk=macosx*]" = "Apple Development";
				CODE_SIGN_STYLE = Automatic;
				CURRENT_PROJECT_VERSION = 1;
				DEVELOPMENT_TEAM = LT37BHQT62;
				GENERATE_INFOPLIST_FILE = YES;
				MARKETING_VERSION = 1.0;
				PRODUCT_BUNDLE_IDENTIFIER = com.futo4.app.RecRadiko2UITests;
				PRODUCT_NAME = "$(TARGET_NAME)";
				SWIFT_EMIT_LOC_STRINGS = NO;
				SWIFT_VERSION = 5.0;
				TEST_TARGET_NAME = RecRadiko2;
			};
			name = Debug;
		};
		2DB824262E32447000100E1C /* Release */ = {
			isa = XCBuildConfiguration;
			buildSettings = {
				"CODE_SIGN_IDENTITY[sdk=macosx*]" = "Apple Development";
				CODE_SIGN_STYLE = Automatic;
				CURRENT_PROJECT_VERSION = 1;
				DEVELOPMENT_TEAM = LT37BHQT62;
				GENERATE_INFOPLIST_FILE = YES;
				MARKETING_VERSION = 1.0;
				PRODUCT_BUNDLE_IDENTIFIER = com.futo4.app.RecRadiko2UITests;
				PRODUCT_NAME = "$(TARGET_NAME)";
				SWIFT_EMIT_LOC_STRINGS = NO;
				SWIFT_VERSION = 5.0;
				TEST_TARGET_NAME = RecRadiko2;
			};
			name = Release;
		};
/* End XCBuildConfiguration section */

/* Begin XCConfigurationList section */
		2DB823F72E32446F00100E1C /* Build configuration list for PBXProject "RecRadiko2" */ = {
			isa = XCConfigurationList;
			buildConfigurations = (
				2DB8241C2E32447000100E1C /* Debug */,
				2DB8241D2E32447000100E1C /* Release */,
			);
			defaultConfigurationIsVisible = 0;
			defaultConfigurationName = Release;
		};
		2DB8241E2E32447000100E1C /* Build configuration list for PBXNativeTarget "RecRadiko2" */ = {
			isa = XCConfigurationList;
			buildConfigurations = (
				2DB8241F2E32447000100E1C /* Debug */,
				2DB824202E32447000100E1C /* Release */,
			);
			defaultConfigurationIsVisible = 0;
			defaultConfigurationName = Release;
		};
		2DB824212E32447000100E1C /* Build configuration list for PBXNativeTarget "RecRadiko2Tests" */ = {
			isa = XCConfigurationList;
			buildConfigurations = (
				2DB824222E32447000100E1C /* Debug */,
				2DB824232E32447000100E1C /* Release */,
			);
			defaultConfigurationIsVisible = 0;
			defaultConfigurationName = Release;
		};
		2DB824242E32447000100E1C /* Build configuration list for PBXNativeTarget "RecRadiko2UITests" */ = {
			isa = XCConfigurationList;
			buildConfigurations = (
				2DB824252E32447000100E1C /* Debug */,
				2DB824262E32447000100E1C /* Release */,
			);
			defaultConfigurationIsVisible = 0;
			defaultConfigurationName = Release;
		};
/* End XCConfigurationList section */
	};
	rootObject = 2DB823F42E32446F00100E1C /* Project object */;
}
